
Microsoft Visual Studio Solution File, Format Version 12.00
# Visual Studio Version 17
VisualStudioVersion = 17.8.34330.188
MinimumVisualStudioVersion = 10.0.40219.1
Project("{9A19103F-16F7-4668-BE54-9A1E7A4F7556}") = "IncidentPrioritization", "IncidentPrioritization\IncidentPrioritization.csproj", "{FDFC3332-082C-4A65-ACD0-CA0B7432CABE}"
EndProject
Global
	GlobalSection(SolutionConfigurationPlatforms) = preSolution
		Debug|Any CPU = Debug|Any CPU
		Release|Any CPU = Release|Any CPU
	EndGlobalSection
	GlobalSection(ProjectConfigurationPlatforms) = postSolution
		{FDFC3332-082C-4A65-ACD0-CA0B7432CABE}.Debug|Any CPU.ActiveCfg = Debug|Any CPU
		{FDFC3332-082C-4A65-ACD0-CA0B7432CABE}.Debug|Any CPU.Build.0 = Debug|Any CPU
		{FDFC3332-082C-4A65-ACD0-CA0B7432CABE}.Release|Any CPU.ActiveCfg = Release|Any CPU
		{FDFC3332-082C-4A65-ACD0-CA0B7432CABE}.Release|Any CPU.Build.0 = Release|Any CPU
	EndGlobalSection
	GlobalSection(SolutionProperties) = preSolution
		HideSolutionNode = FALSE
	EndGlobalSection
	GlobalSection(ExtensibilityGlobals) = postSolution
		SolutionGuid = {2D63902C-ABE1-431E-B883-C2A551EF89A9}
	EndGlobalSection
EndGlobal
